
Microsoft Visual Studio Solution File, Format Version 12.00
# Visual Studio Version 17
VisualStudioVersion = 17.6.33829.357
MinimumVisualStudioVersion = 10.0.40219.1
Project("{FAE04EC0-301F-11D3-BF4B-00C04F79EFBC}") = "Automate-IT", "Automate-IT.csproj", "{BD9275C8-92AD-4A15-91DF-6FD01E950156}"
EndProject
Global
	GlobalSection(SolutionConfigurationPlatforms) = preSolution
		Debug|Any CPU = Debug|Any CPU
		Release|Any CPU = Release|Any CPU
	EndGlobalSection
	GlobalSection(ProjectConfigurationPlatforms) = postSolution
		{BD9275C8-92AD-4A15-91DF-6FD01E950156}.Debug|Any CPU.ActiveCfg = Debug|Any CPU
		{BD9275C8-92AD-4A15-91DF-6FD01E950156}.Debug|Any CPU.Build.0 = Debug|Any CPU
		{BD9275C8-92AD-4A15-91DF-6FD01E950156}.Release|Any CPU.ActiveCfg = Release|Any CPU
		{BD9275C8-92AD-4A15-91DF-6FD01E950156}.Release|Any CPU.Build.0 = Release|Any CPU
	EndGlobalSection
	GlobalSection(SolutionProperties) = preSolution
		HideSolutionNode = FALSE
	EndGlobalSection
	GlobalSection(ExtensibilityGlobals) = postSolution
		SolutionGuid = {E984E866-3115-4BE1-A2E4-732453E1AB88}
	EndGlobalSection
EndGlobal
